
Microsoft Visual Studio Solution File, Format Version 12.00
# Visual Studio Version 17
VisualStudioVersion = 17.4.33103.184
MinimumVisualStudioVersion = 10.0.40219.1
Project("{FAE04EC0-301F-11D3-BF4B-00C04F79EFBC}") = "ActionFilter", "ActionFilter\ActionFilter.csproj", "{351F342A-E191-49FC-A467-C696E2E622CC}"
EndProject
Global
	GlobalSection(SolutionConfigurationPlatforms) = preSolution
		Debug|Any CPU = Debug|Any CPU
		Release|Any CPU = Release|Any CPU
	EndGlobalSection
	GlobalSection(ProjectConfigurationPlatforms) = postSolution
		{351F342A-E191-49FC-A467-C696E2E622CC}.Debug|Any CPU.ActiveCfg = Debug|Any CPU
		{351F342A-E191-49FC-A467-C696E2E622CC}.Debug|Any CPU.Build.0 = Debug|Any CPU
		{351F342A-E191-49FC-A467-C696E2E622CC}.Release|Any CPU.ActiveCfg = Release|Any CPU
		{351F342A-E191-49FC-A467-C696E2E622CC}.Release|Any CPU.Build.0 = Release|Any CPU
	EndGlobalSection
	GlobalSection(SolutionProperties) = preSolution
		HideSolutionNode = FALSE
	EndGlobalSection
	GlobalSection(ExtensibilityGlobals) = postSolution
		SolutionGuid = {CB33B47B-074F-4B03-AC44-0DC0082C8335}
	EndGlobalSection
EndGlobal
